
Microsoft Visual Studio Solution File, Format Version 12.00
# Visual Studio 2013
VisualStudioVersion = 12.0.21005.1
MinimumVisualStudioVersion = 10.0.40219.1
Project("{FAE04EC0-301F-11D3-BF4B-00C04F79EFBC}") = "WPFMDIForm", "WPFMDIForm\WPFMDIForm.csproj", "{06AAC7D3-0A73-4F24-B45E-C7DA0612AD82}"
EndProject
Project("{2150E333-8FDC-42A3-9474-1A3956D46DE8}") = "Solution Items", "Solution Items", "{FDEBD563-ECF3-42EF-BD59-798E018971F1}"
	ProjectSection(SolutionItems) = preProject
		..\..\USERS\DLISITSA\APPDATA\LOCAL\MICROSOFT\VISUALSTUDIO\12.0\EXTENSIONS\FJR1PWZQ.LEV\description.html = ..\..\USERS\DLISITSA\APPDATA\LOCAL\MICROSOFT\VISUALSTUDIO\12.0\EXTENSIONS\FJR1PWZQ.LEV\description.html
	EndProjectSection
EndProject
Global
	GlobalSection(SolutionConfigurationPlatforms) = preSolution
		Debug|Any CPU = Debug|Any CPU
		Release|Any CPU = Release|Any CPU
	EndGlobalSection
	GlobalSection(ProjectConfigurationPlatforms) = postSolution
		{06AAC7D3-0A73-4F24-B45E-C7DA0612AD82}.Debug|Any CPU.ActiveCfg = Debug|Any CPU
		{06AAC7D3-0A73-4F24-B45E-C7DA0612AD82}.Debug|Any CPU.Build.0 = Debug|Any CPU
		{06AAC7D3-0A73-4F24-B45E-C7DA0612AD82}.Release|Any CPU.ActiveCfg = Release|Any CPU
		{06AAC7D3-0A73-4F24-B45E-C7DA0612AD82}.Release|Any CPU.Build.0 = Release|Any CPU
	EndGlobalSection
	GlobalSection(SolutionProperties) = preSolution
		HideSolutionNode = FALSE
	EndGlobalSection
EndGlobal
